
Microsoft Visual Studio Solution File, Format Version 12.00
# Visual Studio Version 16
VisualStudioVersion = 16.0.29806.167
MinimumVisualStudioVersion = 10.0.40219.1
Project("{9A19103F-16F7-4668-BE54-9A1E7A4F7556}") = "net.jancerveny.sofaking.client.Console", "net.jancerveny.sofaking.client.console\net.jancerveny.sofaking.client.Console.csproj", "{371F76FB-D164-4F36-BF7E-946585DE034B}"
EndProject
Project("{9A19103F-16F7-4668-BE54-9A1E7A4F7556}") = "net.jancerveny.sofaking.BusinessLogic", "net.jancerveny.sofaking.BusinessLogic\net.jancerveny.sofaking.BusinessLogic.csproj", "{AEBB5568-102F-4C74-92CA-C13AA9861603}"
EndProject
Project("{9A19103F-16F7-4668-BE54-9A1E7A4F7556}") = "net.jancerveny.sofaking.Common", "net.jancerveny.sofaking.Common\net.jancerveny.sofaking.Common.csproj", "{2246E94A-9950-457A-8C27-71B729F2CA2E}"
EndProject
Project("{9A19103F-16F7-4668-BE54-9A1E7A4F7556}") = "net.jancerveny.sofaking.DataLayer", "net.jancerveny.sofaking.DataLayer\net.jancerveny.sofaking.DataLayer.csproj", "{85263861-65E9-4BD5-B398-79DE1C7D17D7}"
EndProject
Project("{9A19103F-16F7-4668-BE54-9A1E7A4F7556}") = "net.jancerveny.sofaking.WorkerService", "net.jancerveny.sofaking.WorkerService\net.jancerveny.sofaking.WorkerService.csproj", "{66F107B7-B9DB-4ADA-B53C-AFB8E53AB77C}"
EndProject
Project("{9A19103F-16F7-4668-BE54-9A1E7A4F7556}") = "net.jancerveny.sofaking.Tests", "net.jancerveny.sofaking.Tests\net.jancerveny.sofaking.Tests.csproj", "{56528474-F473-4D92-855F-4BE2BBE99D69}"
EndProject
Project("{FAE04EC0-301F-11D3-BF4B-00C04F79EFBC}") = "net.jancerveny.sofaking.client.API", "net.jancerveny.sofaking.client.API\net.jancerveny.sofaking.client.API.csproj", "{35B64815-E7B0-4D9D-9094-0FE432B6700A}"
EndProject
Global
	GlobalSection(SolutionConfigurationPlatforms) = preSolution
		Debug|Any CPU = Debug|Any CPU
		Release|Any CPU = Release|Any CPU
	EndGlobalSection
	GlobalSection(ProjectConfigurationPlatforms) = postSolution
		{371F76FB-D164-4F36-BF7E-946585DE034B}.Debug|Any CPU.ActiveCfg = Debug|Any CPU
		{371F76FB-D164-4F36-BF7E-946585DE034B}.Debug|Any CPU.Build.0 = Debug|Any CPU
		{371F76FB-D164-4F36-BF7E-946585DE034B}.Release|Any CPU.ActiveCfg = Release|Any CPU
		{371F76FB-D164-4F36-BF7E-946585DE034B}.Release|Any CPU.Build.0 = Release|Any CPU
		{AEBB5568-102F-4C74-92CA-C13AA9861603}.Debug|Any CPU.ActiveCfg = Debug|Any CPU
		{AEBB5568-102F-4C74-92CA-C13AA9861603}.Debug|Any CPU.Build.0 = Debug|Any CPU
		{AEBB5568-102F-4C74-92CA-C13AA9861603}.Release|Any CPU.ActiveCfg = Release|Any CPU
		{AEBB5568-102F-4C74-92CA-C13AA9861603}.Release|Any CPU.Build.0 = Release|Any CPU
		{2246E94A-9950-457A-8C27-71B729F2CA2E}.Debug|Any CPU.ActiveCfg = Debug|Any CPU
		{2246E94A-9950-457A-8C27-71B729F2CA2E}.Debug|Any CPU.Build.0 = Debug|Any CPU
		{2246E94A-9950-457A-8C27-71B729F2CA2E}.Release|Any CPU.ActiveCfg = Release|Any CPU
		{2246E94A-9950-457A-8C27-71B729F2CA2E}.Release|Any CPU.Build.0 = Release|Any CPU
		{A0B2E918-A466-4FE5-8946-802C2A63F665}.Debug|Any CPU.ActiveCfg = Debug|Any CPU
		{A0B2E918-A466-4FE5-8946-802C2A63F665}.Debug|Any CPU.Build.0 = Debug|Any CPU
		{A0B2E918-A466-4FE5-8946-802C2A63F665}.Release|Any CPU.ActiveCfg = Release|Any CPU
		{A0B2E918-A466-4FE5-8946-802C2A63F665}.Release|Any CPU.Build.0 = Release|Any CPU
		{85263861-65E9-4BD5-B398-79DE1C7D17D7}.Debug|Any CPU.ActiveCfg = Debug|Any CPU
		{85263861-65E9-4BD5-B398-79DE1C7D17D7}.Debug|Any CPU.Build.0 = Debug|Any CPU
		{85263861-65E9-4BD5-B398-79DE1C7D17D7}.Release|Any CPU.ActiveCfg = Release|Any CPU
		{85263861-65E9-4BD5-B398-79DE1C7D17D7}.Release|Any CPU.Build.0 = Release|Any CPU
		{66F107B7-B9DB-4ADA-B53C-AFB8E53AB77C}.Debug|Any CPU.ActiveCfg = Debug|Any CPU
		{66F107B7-B9DB-4ADA-B53C-AFB8E53AB77C}.Debug|Any CPU.Build.0 = Debug|Any CPU
		{66F107B7-B9DB-4ADA-B53C-AFB8E53AB77C}.Release|Any CPU.ActiveCfg = Release|Any CPU
		{66F107B7-B9DB-4ADA-B53C-AFB8E53AB77C}.Release|Any CPU.Build.0 = Release|Any CPU
		{56528474-F473-4D92-855F-4BE2BBE99D69}.Debug|Any CPU.ActiveCfg = Debug|Any CPU
		{56528474-F473-4D92-855F-4BE2BBE99D69}.Debug|Any CPU.Build.0 = Debug|Any CPU
		{56528474-F473-4D92-855F-4BE2BBE99D69}.Release|Any CPU.ActiveCfg = Release|Any CPU
		{56528474-F473-4D92-855F-4BE2BBE99D69}.Release|Any CPU.Build.0 = Release|Any CPU
		{35B64815-E7B0-4D9D-9094-0FE432B6700A}.Debug|Any CPU.ActiveCfg = Debug|Any CPU
		{35B64815-E7B0-4D9D-9094-0FE432B6700A}.Debug|Any CPU.Build.0 = Debug|Any CPU
		{35B64815-E7B0-4D9D-9094-0FE432B6700A}.Release|Any CPU.ActiveCfg = Release|Any CPU
		{35B64815-E7B0-4D9D-9094-0FE432B6700A}.Release|Any CPU.Build.0 = Release|Any CPU
	EndGlobalSection
	GlobalSection(SolutionProperties) = preSolution
		HideSolutionNode = FALSE
	EndGlobalSection
	GlobalSection(ExtensibilityGlobals) = postSolution
		SolutionGuid = {46B17A37-2ACB-4B40-897E-8FFC6B31B5D0}
	EndGlobalSection
EndGlobal
